
Microsoft Visual Studio Solution File, Format Version 12.00
# Visual Studio Version 17
VisualStudioVersion = 17.3.32901.215
MinimumVisualStudioVersion = 10.0.40219.1
Project("{FAE04EC0-301F-11D3-BF4B-00C04F79EFBC}") = "Text_Editor", "Text_Editor\Text_Editor.csproj", "{067E1744-8C67-42F0-93C2-80CD4E8D7619}"
EndProject
Global
	GlobalSection(SolutionConfigurationPlatforms) = preSolution
		Debug|Any CPU = Debug|Any CPU
		Release|Any CPU = Release|Any CPU
	EndGlobalSection
	GlobalSection(ProjectConfigurationPlatforms) = postSolution
		{067E1744-8C67-42F0-93C2-80CD4E8D7619}.Debug|Any CPU.ActiveCfg = Debug|Any CPU
		{067E1744-8C67-42F0-93C2-80CD4E8D7619}.Debug|Any CPU.Build.0 = Debug|Any CPU
		{067E1744-8C67-42F0-93C2-80CD4E8D7619}.Release|Any CPU.ActiveCfg = Release|Any CPU
		{067E1744-8C67-42F0-93C2-80CD4E8D7619}.Release|Any CPU.Build.0 = Release|Any CPU
	EndGlobalSection
	GlobalSection(SolutionProperties) = preSolution
		HideSolutionNode = FALSE
	EndGlobalSection
	GlobalSection(ExtensibilityGlobals) = postSolution
		SolutionGuid = {8F219F08-2C01-46C8-B27D-A1B3D2C3E381}
	EndGlobalSection
EndGlobal
